
Microsoft Visual Studio Solution File, Format Version 12.00
# Visual Studio Version 17
VisualStudioVersion = 17.9.34616.47
MinimumVisualStudioVersion = 10.0.40219.1
Project("{FAE04EC0-301F-11D3-BF4B-00C04F79EFBC}") = "DaijinSchool", "DaijinSchool\DaijinSchool.csproj", "{D0192026-888F-4931-991D-4B73F95E6663}"
EndProject
Project("{2150E333-8FDC-42A3-9474-1A3956D46DE8}") = "Элементы решения", "Элементы решения", "{88529624-14E0-40EC-9391-5F6FFAB6E846}"
	ProjectSection(SolutionItems) = preProject
		..\..\..\Downloads\Involve-VF.ttf = ..\..\..\Downloads\Involve-VF.ttf
	EndProjectSection
EndProject
Global
	GlobalSection(SolutionConfigurationPlatforms) = preSolution
		Debug|Any CPU = Debug|Any CPU
		Release|Any CPU = Release|Any CPU
	EndGlobalSection
	GlobalSection(ProjectConfigurationPlatforms) = postSolution
		{D0192026-888F-4931-991D-4B73F95E6663}.Debug|Any CPU.ActiveCfg = Debug|Any CPU
		{D0192026-888F-4931-991D-4B73F95E6663}.Debug|Any CPU.Build.0 = Debug|Any CPU
		{D0192026-888F-4931-991D-4B73F95E6663}.Release|Any CPU.ActiveCfg = Release|Any CPU
		{D0192026-888F-4931-991D-4B73F95E6663}.Release|Any CPU.Build.0 = Release|Any CPU
	EndGlobalSection
	GlobalSection(SolutionProperties) = preSolution
		HideSolutionNode = FALSE
	EndGlobalSection
	GlobalSection(ExtensibilityGlobals) = postSolution
		SolutionGuid = {EAA9CF5A-F25E-4163-84A8-02B1CFACC878}
	EndGlobalSection
EndGlobal
